
Microsoft Visual Studio Solution File, Format Version 12.00
# Visual Studio Version 17
VisualStudioVersion = 17.5.33209.295
MinimumVisualStudioVersion = 10.0.40219.1
Project("{9A19103F-16F7-4668-BE54-9A1E7A4F7556}") = "WebhookAF", "WebhookAF\WebhookAF.csproj", "{544504FB-1C83-4770-9AC3-A8162B874BB1}"
EndProject
Global
	GlobalSection(SolutionConfigurationPlatforms) = preSolution
		Debug|Any CPU = Debug|Any CPU
		Release|Any CPU = Release|Any CPU
	EndGlobalSection
	GlobalSection(ProjectConfigurationPlatforms) = postSolution
		{544504FB-1C83-4770-9AC3-A8162B874BB1}.Debug|Any CPU.ActiveCfg = Debug|Any CPU
		{544504FB-1C83-4770-9AC3-A8162B874BB1}.Debug|Any CPU.Build.0 = Debug|Any CPU
		{544504FB-1C83-4770-9AC3-A8162B874BB1}.Release|Any CPU.ActiveCfg = Release|Any CPU
		{544504FB-1C83-4770-9AC3-A8162B874BB1}.Release|Any CPU.Build.0 = Release|Any CPU
	EndGlobalSection
	GlobalSection(SolutionProperties) = preSolution
		HideSolutionNode = FALSE
	EndGlobalSection
	GlobalSection(ExtensibilityGlobals) = postSolution
		SolutionGuid = {6AB96C4A-9D2E-4709-B3AA-F251E8F5B44F}
	EndGlobalSection
EndGlobal
